
Microsoft Visual Studio Solution File, Format Version 12.00
# Visual Studio Version 17
VisualStudioVersion = 17.7.34221.43
MinimumVisualStudioVersion = 10.0.40219.1
Project("{FAE04EC0-301F-11D3-BF4B-00C04F79EFBC}") = "ComicChecklist.Domain", "ComicChecklist.Domain\ComicChecklist.Domain.csproj", "{D3CBBD7D-DF20-4224-9E70-13BE8A38AC11}"
EndProject
Project("{FAE04EC0-301F-11D3-BF4B-00C04F79EFBC}") = "ComicChecklist.Data", "ComicChecklist.Data\ComicChecklist.Data.csproj", "{C4495398-FD8A-4C9C-8CF6-EB6AD30D59C6}"
EndProject
Project("{FAE04EC0-301F-11D3-BF4B-00C04F79EFBC}") = "ComicChecklist.Api", "ComicChecklist.Api\ComicChecklist.Api.csproj", "{99C9A5A5-04E2-45C4-A093-7F7F78CB0FD3}"
EndProject
Global
	GlobalSection(SolutionConfigurationPlatforms) = preSolution
		Debug|Any CPU = Debug|Any CPU
		Release|Any CPU = Release|Any CPU
	EndGlobalSection
	GlobalSection(ProjectConfigurationPlatforms) = postSolution
		{D3CBBD7D-DF20-4224-9E70-13BE8A38AC11}.Debug|Any CPU.ActiveCfg = Debug|Any CPU
		{D3CBBD7D-DF20-4224-9E70-13BE8A38AC11}.Debug|Any CPU.Build.0 = Debug|Any CPU
		{D3CBBD7D-DF20-4224-9E70-13BE8A38AC11}.Release|Any CPU.ActiveCfg = Release|Any CPU
		{D3CBBD7D-DF20-4224-9E70-13BE8A38AC11}.Release|Any CPU.Build.0 = Release|Any CPU
		{C4495398-FD8A-4C9C-8CF6-EB6AD30D59C6}.Debug|Any CPU.ActiveCfg = Debug|Any CPU
		{C4495398-FD8A-4C9C-8CF6-EB6AD30D59C6}.Debug|Any CPU.Build.0 = Debug|Any CPU
		{C4495398-FD8A-4C9C-8CF6-EB6AD30D59C6}.Release|Any CPU.ActiveCfg = Release|Any CPU
		{C4495398-FD8A-4C9C-8CF6-EB6AD30D59C6}.Release|Any CPU.Build.0 = Release|Any CPU
		{99C9A5A5-04E2-45C4-A093-7F7F78CB0FD3}.Debug|Any CPU.ActiveCfg = Debug|Any CPU
		{99C9A5A5-04E2-45C4-A093-7F7F78CB0FD3}.Debug|Any CPU.Build.0 = Debug|Any CPU
		{99C9A5A5-04E2-45C4-A093-7F7F78CB0FD3}.Release|Any CPU.ActiveCfg = Release|Any CPU
		{99C9A5A5-04E2-45C4-A093-7F7F78CB0FD3}.Release|Any CPU.Build.0 = Release|Any CPU
	EndGlobalSection
	GlobalSection(SolutionProperties) = preSolution
		HideSolutionNode = FALSE
	EndGlobalSection
	GlobalSection(ExtensibilityGlobals) = postSolution
		SolutionGuid = {ECCF6165-34C7-4A01-AC19-342867B90A38}
	EndGlobalSection
EndGlobal
